
Microsoft Visual Studio Solution File, Format Version 12.00
# Visual Studio 15
VisualStudioVersion = 15.0.28010.2003
MinimumVisualStudioVersion = 10.0.40219.1
Project("{FAE04EC0-301F-11D3-BF4B-00C04F79EFBC}") = "PckgInstallSequenceResolver", "PckgInstallSequenceResolver\PckgInstallSequenceResolver.csproj", "{C811E80C-7931-45A2-9DEC-7BF1BBCE54CB}"
EndProject
Project("{FAE04EC0-301F-11D3-BF4B-00C04F79EFBC}") = "PckgInstallSequenceResolverTest", "PckgInstallSequenceResolverTest\PckgInstallSequenceResolverTest.csproj", "{030A008E-3B80-4B44-B038-16D7BB6D44BD}"
EndProject
Global
	GlobalSection(SolutionConfigurationPlatforms) = preSolution
		Debug|Any CPU = Debug|Any CPU
		Release|Any CPU = Release|Any CPU
	EndGlobalSection
	GlobalSection(ProjectConfigurationPlatforms) = postSolution
		{C811E80C-7931-45A2-9DEC-7BF1BBCE54CB}.Debug|Any CPU.ActiveCfg = Debug|Any CPU
		{C811E80C-7931-45A2-9DEC-7BF1BBCE54CB}.Debug|Any CPU.Build.0 = Debug|Any CPU
		{C811E80C-7931-45A2-9DEC-7BF1BBCE54CB}.Release|Any CPU.ActiveCfg = Release|Any CPU
		{C811E80C-7931-45A2-9DEC-7BF1BBCE54CB}.Release|Any CPU.Build.0 = Release|Any CPU
		{030A008E-3B80-4B44-B038-16D7BB6D44BD}.Debug|Any CPU.ActiveCfg = Debug|Any CPU
		{030A008E-3B80-4B44-B038-16D7BB6D44BD}.Debug|Any CPU.Build.0 = Debug|Any CPU
		{030A008E-3B80-4B44-B038-16D7BB6D44BD}.Release|Any CPU.ActiveCfg = Release|Any CPU
		{030A008E-3B80-4B44-B038-16D7BB6D44BD}.Release|Any CPU.Build.0 = Release|Any CPU
	EndGlobalSection
	GlobalSection(SolutionProperties) = preSolution
		HideSolutionNode = FALSE
	EndGlobalSection
	GlobalSection(ExtensibilityGlobals) = postSolution
		SolutionGuid = {CA1ECCFB-6E6C-4688-B6EE-66C738D0B1B7}
	EndGlobalSection
EndGlobal
